
Microsoft Visual Studio Solution File, Format Version 12.00
# Visual Studio Version 16
VisualStudioVersion = 16.0.29920.165
MinimumVisualStudioVersion = 10.0.40219.1
Project("{FAE04EC0-301F-11D3-BF4B-00C04F79EFBC}") = "MoodAnalyserProblem", "MoodAnalyserProblem.csproj", "{FBDC291D-C425-44B3-971B-8C54C63AC1CA}"
EndProject
Project("{FAE04EC0-301F-11D3-BF4B-00C04F79EFBC}") = "MoodAnalyserProblemTest", "..\MoodAnalyserProblemTest\MoodAnalyserProblemTest.csproj", "{889FC4E0-B850-478A-A709-571D2CB3AFA0}"
EndProject
Global
	GlobalSection(SolutionConfigurationPlatforms) = preSolution
		Debug|Any CPU = Debug|Any CPU
		Release|Any CPU = Release|Any CPU
	EndGlobalSection
	GlobalSection(ProjectConfigurationPlatforms) = postSolution
		{FBDC291D-C425-44B3-971B-8C54C63AC1CA}.Debug|Any CPU.ActiveCfg = Debug|Any CPU
		{FBDC291D-C425-44B3-971B-8C54C63AC1CA}.Debug|Any CPU.Build.0 = Debug|Any CPU
		{FBDC291D-C425-44B3-971B-8C54C63AC1CA}.Release|Any CPU.ActiveCfg = Release|Any CPU
		{FBDC291D-C425-44B3-971B-8C54C63AC1CA}.Release|Any CPU.Build.0 = Release|Any CPU
		{889FC4E0-B850-478A-A709-571D2CB3AFA0}.Debug|Any CPU.ActiveCfg = Debug|Any CPU
		{889FC4E0-B850-478A-A709-571D2CB3AFA0}.Debug|Any CPU.Build.0 = Debug|Any CPU
		{889FC4E0-B850-478A-A709-571D2CB3AFA0}.Release|Any CPU.ActiveCfg = Release|Any CPU
		{889FC4E0-B850-478A-A709-571D2CB3AFA0}.Release|Any CPU.Build.0 = Release|Any CPU
	EndGlobalSection
	GlobalSection(SolutionProperties) = preSolution
		HideSolutionNode = FALSE
	EndGlobalSection
	GlobalSection(ExtensibilityGlobals) = postSolution
		SolutionGuid = {0552CE57-F6D7-4DDE-AA2C-310D6286B0EC}
	EndGlobalSection
EndGlobal
